
Microsoft Visual Studio Solution File, Format Version 12.00
# Visual Studio 15
VisualStudioVersion = 15.0.28307.705
MinimumVisualStudioVersion = 10.0.40219.1
Project("{8BC9CEB8-8B4A-11D0-8D11-00A0C91BC942}") = "01_Intro", "01_Intro\01_Intro.vcxproj", "{32225945-D4E4-4A57-8D4E-A95B08B528C1}"
EndProject
Project("{8BC9CEB8-8B4A-11D0-8D11-00A0C91BC942}") = "02_PreDS", "02_PreDS\02_PreDS.vcxproj", "{E11067C5-B665-4BA8-8009-006947732836}"
EndProject
Project("{8BC9CEB8-8B4A-11D0-8D11-00A0C91BC942}") = "03_ADT", "03_ADT\03_ADT.vcxproj", "{B67DB537-8D62-414C-B054-4F31BDB56BDD}"
EndProject
Project("{8BC9CEB8-8B4A-11D0-8D11-00A0C91BC942}") = "04_ArrayList", "04_ArrayList\04_ArrayList.vcxproj", "{933F171A-A61C-48E2-9EB8-7996AD878258}"
EndProject
Global
	GlobalSection(SolutionConfigurationPlatforms) = preSolution
		Debug|x64 = Debug|x64
		Debug|x86 = Debug|x86
		Release|x64 = Release|x64
		Release|x86 = Release|x86
	EndGlobalSection
	GlobalSection(ProjectConfigurationPlatforms) = postSolution
		{32225945-D4E4-4A57-8D4E-A95B08B528C1}.Debug|x64.ActiveCfg = Debug|x64
		{32225945-D4E4-4A57-8D4E-A95B08B528C1}.Debug|x64.Build.0 = Debug|x64
		{32225945-D4E4-4A57-8D4E-A95B08B528C1}.Debug|x86.ActiveCfg = Debug|Win32
		{32225945-D4E4-4A57-8D4E-A95B08B528C1}.Debug|x86.Build.0 = Debug|Win32
		{32225945-D4E4-4A57-8D4E-A95B08B528C1}.Release|x64.ActiveCfg = Release|x64
		{32225945-D4E4-4A57-8D4E-A95B08B528C1}.Release|x64.Build.0 = Release|x64
		{32225945-D4E4-4A57-8D4E-A95B08B528C1}.Release|x86.ActiveCfg = Release|Win32
		{32225945-D4E4-4A57-8D4E-A95B08B528C1}.Release|x86.Build.0 = Release|Win32
		{E11067C5-B665-4BA8-8009-006947732836}.Debug|x64.ActiveCfg = Debug|x64
		{E11067C5-B665-4BA8-8009-006947732836}.Debug|x64.Build.0 = Debug|x64
		{E11067C5-B665-4BA8-8009-006947732836}.Debug|x86.ActiveCfg = Debug|Win32
		{E11067C5-B665-4BA8-8009-006947732836}.Debug|x86.Build.0 = Debug|Win32
		{E11067C5-B665-4BA8-8009-006947732836}.Release|x64.ActiveCfg = Release|x64
		{E11067C5-B665-4BA8-8009-006947732836}.Release|x64.Build.0 = Release|x64
		{E11067C5-B665-4BA8-8009-006947732836}.Release|x86.ActiveCfg = Release|Win32
		{E11067C5-B665-4BA8-8009-006947732836}.Release|x86.Build.0 = Release|Win32
		{B67DB537-8D62-414C-B054-4F31BDB56BDD}.Debug|x64.ActiveCfg = Debug|x64
		{B67DB537-8D62-414C-B054-4F31BDB56BDD}.Debug|x64.Build.0 = Debug|x64
		{B67DB537-8D62-414C-B054-4F31BDB56BDD}.Debug|x86.ActiveCfg = Debug|Win32
		{B67DB537-8D62-414C-B054-4F31BDB56BDD}.Debug|x86.Build.0 = Debug|Win32
		{B67DB537-8D62-414C-B054-4F31BDB56BDD}.Release|x64.ActiveCfg = Release|x64
		{B67DB537-8D62-414C-B054-4F31BDB56BDD}.Release|x64.Build.0 = Release|x64
		{B67DB537-8D62-414C-B054-4F31BDB56BDD}.Release|x86.ActiveCfg = Release|Win32
		{B67DB537-8D62-414C-B054-4F31BDB56BDD}.Release|x86.Build.0 = Release|Win32
		{933F171A-A61C-48E2-9EB8-7996AD878258}.Debug|x64.ActiveCfg = Debug|x64
		{933F171A-A61C-48E2-9EB8-7996AD878258}.Debug|x64.Build.0 = Debug|x64
		{933F171A-A61C-48E2-9EB8-7996AD878258}.Debug|x86.ActiveCfg = Debug|Win32
		{933F171A-A61C-48E2-9EB8-7996AD878258}.Debug|x86.Build.0 = Debug|Win32
		{933F171A-A61C-48E2-9EB8-7996AD878258}.Release|x64.ActiveCfg = Release|x64
		{933F171A-A61C-48E2-9EB8-7996AD878258}.Release|x64.Build.0 = Release|x64
		{933F171A-A61C-48E2-9EB8-7996AD878258}.Release|x86.ActiveCfg = Release|Win32
		{933F171A-A61C-48E2-9EB8-7996AD878258}.Release|x86.Build.0 = Release|Win32
	EndGlobalSection
	GlobalSection(SolutionProperties) = preSolution
		HideSolutionNode = FALSE
	EndGlobalSection
	GlobalSection(ExtensibilityGlobals) = postSolution
		SolutionGuid = {4EB13FB2-41F0-4AB3-895F-7643BC926805}
	EndGlobalSection
EndGlobal
